
Microsoft Visual Studio Solution File, Format Version 12.00
# Visual Studio 15
VisualStudioVersion = 15.0.28307.779
MinimumVisualStudioVersion = 10.0.40219.1
Project("{FAE04EC0-301F-11D3-BF4B-00C04F79EFBC}") = "GearShop.Android", "GearShop\GearShop.Android\GearShop.Android.csproj", "{ACF4BA07-71AF-418D-9F3E-E49327F28D70}"
EndProject
Project("{FAE04EC0-301F-11D3-BF4B-00C04F79EFBC}") = "GearShop.iOS", "GearShop\GearShop.iOS\GearShop.iOS.csproj", "{5A21ED8A-B5A4-4951-A3B3-AB91BD98083F}"
EndProject
Project("{FAE04EC0-301F-11D3-BF4B-00C04F79EFBC}") = "GearShop", "GearShop\GearShop\GearShop.csproj", "{25974373-5C1E-4C92-B433-611767CC890C}"
EndProject
Global
	GlobalSection(SolutionConfigurationPlatforms) = preSolution
		Ad-Hoc|Any CPU = Ad-Hoc|Any CPU
		Ad-Hoc|iPhone = Ad-Hoc|iPhone
		Ad-Hoc|iPhoneSimulator = Ad-Hoc|iPhoneSimulator
		AppStore|Any CPU = AppStore|Any CPU
		AppStore|iPhone = AppStore|iPhone
		AppStore|iPhoneSimulator = AppStore|iPhoneSimulator
		Debug|Any CPU = Debug|Any CPU
		Debug|iPhone = Debug|iPhone
		Debug|iPhoneSimulator = Debug|iPhoneSimulator
		Release|Any CPU = Release|Any CPU
		Release|iPhone = Release|iPhone
		Release|iPhoneSimulator = Release|iPhoneSimulator
	EndGlobalSection
	GlobalSection(ProjectConfigurationPlatforms) = postSolution
		{ACF4BA07-71AF-418D-9F3E-E49327F28D70}.Ad-Hoc|Any CPU.ActiveCfg = Release|Any CPU
		{ACF4BA07-71AF-418D-9F3E-E49327F28D70}.Ad-Hoc|Any CPU.Build.0 = Release|Any CPU
		{ACF4BA07-71AF-418D-9F3E-E49327F28D70}.Ad-Hoc|Any CPU.Deploy.0 = Release|Any CPU
		{ACF4BA07-71AF-418D-9F3E-E49327F28D70}.Ad-Hoc|iPhone.ActiveCfg = Release|Any CPU
		{ACF4BA07-71AF-418D-9F3E-E49327F28D70}.Ad-Hoc|iPhone.Build.0 = Release|Any CPU
		{ACF4BA07-71AF-418D-9F3E-E49327F28D70}.Ad-Hoc|iPhone.Deploy.0 = Release|Any CPU
		{ACF4BA07-71AF-418D-9F3E-E49327F28D70}.Ad-Hoc|iPhoneSimulator.ActiveCfg = Release|Any CPU
		{ACF4BA07-71AF-418D-9F3E-E49327F28D70}.Ad-Hoc|iPhoneSimulator.Build.0 = Release|Any CPU
		{ACF4BA07-71AF-418D-9F3E-E49327F28D70}.Ad-Hoc|iPhoneSimulator.Deploy.0 = Release|Any CPU
		{ACF4BA07-71AF-418D-9F3E-E49327F28D70}.AppStore|Any CPU.ActiveCfg = Release|Any CPU
		{ACF4BA07-71AF-418D-9F3E-E49327F28D70}.AppStore|Any CPU.Build.0 = Release|Any CPU
		{ACF4BA07-71AF-418D-9F3E-E49327F28D70}.AppStore|Any CPU.Deploy.0 = Release|Any CPU
		{ACF4BA07-71AF-418D-9F3E-E49327F28D70}.AppStore|iPhone.ActiveCfg = Release|Any CPU
		{ACF4BA07-71AF-418D-9F3E-E49327F28D70}.AppStore|iPhone.Build.0 = Release|Any CPU
		{ACF4BA07-71AF-418D-9F3E-E49327F28D70}.AppStore|iPhone.Deploy.0 = Release|Any CPU
		{ACF4BA07-71AF-418D-9F3E-E49327F28D70}.AppStore|iPhoneSimulator.ActiveCfg = Release|Any CPU
		{ACF4BA07-71AF-418D-9F3E-E49327F28D70}.AppStore|iPhoneSimulator.Build.0 = Release|Any CPU
		{ACF4BA07-71AF-418D-9F3E-E49327F28D70}.AppStore|iPhoneSimulator.Deploy.0 = Release|Any CPU
		{ACF4BA07-71AF-418D-9F3E-E49327F28D70}.Debug|Any CPU.ActiveCfg = Debug|Any CPU
		{ACF4BA07-71AF-418D-9F3E-E49327F28D70}.Debug|Any CPU.Build.0 = Debug|Any CPU
		{ACF4BA07-71AF-418D-9F3E-E49327F28D70}.Debug|Any CPU.Deploy.0 = Debug|Any CPU
		{ACF4BA07-71AF-418D-9F3E-E49327F28D70}.Debug|iPhone.ActiveCfg = Debug|Any CPU
		{ACF4BA07-71AF-418D-9F3E-E49327F28D70}.Debug|iPhone.Build.0 = Debug|Any CPU
		{ACF4BA07-71AF-418D-9F3E-E49327F28D70}.Debug|iPhone.Deploy.0 = Debug|Any CPU
		{ACF4BA07-71AF-418D-9F3E-E49327F28D70}.Debug|iPhoneSimulator.ActiveCfg = Debug|Any CPU
		{ACF4BA07-71AF-418D-9F3E-E49327F28D70}.Debug|iPhoneSimulator.Build.0 = Debug|Any CPU
		{ACF4BA07-71AF-418D-9F3E-E49327F28D70}.Debug|iPhoneSimulator.Deploy.0 = Debug|Any CPU
		{ACF4BA07-71AF-418D-9F3E-E49327F28D70}.Release|Any CPU.ActiveCfg = Release|Any CPU
		{ACF4BA07-71AF-418D-9F3E-E49327F28D70}.Release|Any CPU.Build.0 = Release|Any CPU
		{ACF4BA07-71AF-418D-9F3E-E49327F28D70}.Release|Any CPU.Deploy.0 = Release|Any CPU
		{ACF4BA07-71AF-418D-9F3E-E49327F28D70}.Release|iPhone.ActiveCfg = Release|Any CPU
		{ACF4BA07-71AF-418D-9F3E-E49327F28D70}.Release|iPhone.Build.0 = Release|Any CPU
		{ACF4BA07-71AF-418D-9F3E-E49327F28D70}.Release|iPhone.Deploy.0 = Release|Any CPU
		{ACF4BA07-71AF-418D-9F3E-E49327F28D70}.Release|iPhoneSimulator.ActiveCfg = Release|Any CPU
		{ACF4BA07-71AF-418D-9F3E-E49327F28D70}.Release|iPhoneSimulator.Build.0 = Release|Any CPU
		{ACF4BA07-71AF-418D-9F3E-E49327F28D70}.Release|iPhoneSimulator.Deploy.0 = Release|Any CPU
		{5A21ED8A-B5A4-4951-A3B3-AB91BD98083F}.Ad-Hoc|Any CPU.ActiveCfg = Ad-Hoc|iPhone
		{5A21ED8A-B5A4-4951-A3B3-AB91BD98083F}.Ad-Hoc|Any CPU.Build.0 = Ad-Hoc|iPhone
		{5A21ED8A-B5A4-4951-A3B3-AB91BD98083F}.Ad-Hoc|Any CPU.Deploy.0 = Ad-Hoc|iPhone
		{5A21ED8A-B5A4-4951-A3B3-AB91BD98083F}.Ad-Hoc|iPhone.ActiveCfg = Ad-Hoc|iPhone
		{5A21ED8A-B5A4-4951-A3B3-AB91BD98083F}.Ad-Hoc|iPhone.Build.0 = Ad-Hoc|iPhone
		{5A21ED8A-B5A4-4951-A3B3-AB91BD98083F}.Ad-Hoc|iPhone.Deploy.0 = Ad-Hoc|iPhone
		{5A21ED8A-B5A4-4951-A3B3-AB91BD98083F}.Ad-Hoc|iPhoneSimulator.ActiveCfg = Ad-Hoc|iPhoneSimulator
		{5A21ED8A-B5A4-4951-A3B3-AB91BD98083F}.Ad-Hoc|iPhoneSimulator.Build.0 = Ad-Hoc|iPhoneSimulator
		{5A21ED8A-B5A4-4951-A3B3-AB91BD98083F}.Ad-Hoc|iPhoneSimulator.Deploy.0 = Ad-Hoc|iPhoneSimulator
		{5A21ED8A-B5A4-4951-A3B3-AB91BD98083F}.AppStore|Any CPU.ActiveCfg = AppStore|iPhone
		{5A21ED8A-B5A4-4951-A3B3-AB91BD98083F}.AppStore|Any CPU.Build.0 = AppStore|iPhone
		{5A21ED8A-B5A4-4951-A3B3-AB91BD98083F}.AppStore|Any CPU.Deploy.0 = AppStore|iPhone
		{5A21ED8A-B5A4-4951-A3B3-AB91BD98083F}.AppStore|iPhone.ActiveCfg = AppStore|iPhone
		{5A21ED8A-B5A4-4951-A3B3-AB91BD98083F}.AppStore|iPhone.Build.0 = AppStore|iPhone
		{5A21ED8A-B5A4-4951-A3B3-AB91BD98083F}.AppStore|iPhone.Deploy.0 = AppStore|iPhone
		{5A21ED8A-B5A4-4951-A3B3-AB91BD98083F}.AppStore|iPhoneSimulator.ActiveCfg = AppStore|iPhoneSimulator
		{5A21ED8A-B5A4-4951-A3B3-AB91BD98083F}.AppStore|iPhoneSimulator.Build.0 = AppStore|iPhoneSimulator
		{5A21ED8A-B5A4-4951-A3B3-AB91BD98083F}.AppStore|iPhoneSimulator.Deploy.0 = AppStore|iPhoneSimulator
		{5A21ED8A-B5A4-4951-A3B3-AB91BD98083F}.Debug|Any CPU.ActiveCfg = Debug|iPhoneSimulator
		{5A21ED8A-B5A4-4951-A3B3-AB91BD98083F}.Debug|Any CPU.Build.0 = Debug|iPhoneSimulator
		{5A21ED8A-B5A4-4951-A3B3-AB91BD98083F}.Debug|Any CPU.Deploy.0 = Debug|iPhoneSimulator
		{5A21ED8A-B5A4-4951-A3B3-AB91BD98083F}.Debug|iPhone.ActiveCfg = Debug|iPhone
		{5A21ED8A-B5A4-4951-A3B3-AB91BD98083F}.Debug|iPhone.Build.0 = Debug|iPhone
		{5A21ED8A-B5A4-4951-A3B3-AB91BD98083F}.Debug|iPhone.Deploy.0 = Debug|iPhone
		{5A21ED8A-B5A4-4951-A3B3-AB91BD98083F}.Debug|iPhoneSimulator.ActiveCfg = Debug|iPhoneSimulator
		{5A21ED8A-B5A4-4951-A3B3-AB91BD98083F}.Debug|iPhoneSimulator.Build.0 = Debug|iPhoneSimulator
		{5A21ED8A-B5A4-4951-A3B3-AB91BD98083F}.Debug|iPhoneSimulator.Deploy.0 = Debug|iPhoneSimulator
		{5A21ED8A-B5A4-4951-A3B3-AB91BD98083F}.Release|Any CPU.ActiveCfg = Release|iPhone
		{5A21ED8A-B5A4-4951-A3B3-AB91BD98083F}.Release|Any CPU.Build.0 = Release|iPhone
		{5A21ED8A-B5A4-4951-A3B3-AB91BD98083F}.Release|Any CPU.Deploy.0 = Release|iPhone
		{5A21ED8A-B5A4-4951-A3B3-AB91BD98083F}.Release|iPhone.ActiveCfg = Release|iPhone
		{5A21ED8A-B5A4-4951-A3B3-AB91BD98083F}.Release|iPhone.Build.0 = Release|iPhone
		{5A21ED8A-B5A4-4951-A3B3-AB91BD98083F}.Release|iPhone.Deploy.0 = Release|iPhone
		{5A21ED8A-B5A4-4951-A3B3-AB91BD98083F}.Release|iPhoneSimulator.ActiveCfg = Release|iPhoneSimulator
		{5A21ED8A-B5A4-4951-A3B3-AB91BD98083F}.Release|iPhoneSimulator.Build.0 = Release|iPhoneSimulator
		{5A21ED8A-B5A4-4951-A3B3-AB91BD98083F}.Release|iPhoneSimulator.Deploy.0 = Release|iPhoneSimulator
		{25974373-5C1E-4C92-B433-611767CC890C}.Ad-Hoc|Any CPU.ActiveCfg = Debug|Any CPU
		{25974373-5C1E-4C92-B433-611767CC890C}.Ad-Hoc|Any CPU.Build.0 = Debug|Any CPU
		{25974373-5C1E-4C92-B433-611767CC890C}.Ad-Hoc|Any CPU.Deploy.0 = Debug|Any CPU
		{25974373-5C1E-4C92-B433-611767CC890C}.Ad-Hoc|iPhone.ActiveCfg = Debug|Any CPU
		{25974373-5C1E-4C92-B433-611767CC890C}.Ad-Hoc|iPhone.Build.0 = Debug|Any CPU
		{25974373-5C1E-4C92-B433-611767CC890C}.Ad-Hoc|iPhone.Deploy.0 = Debug|Any CPU
		{25974373-5C1E-4C92-B433-611767CC890C}.Ad-Hoc|iPhoneSimulator.ActiveCfg = Debug|Any CPU
		{25974373-5C1E-4C92-B433-611767CC890C}.Ad-Hoc|iPhoneSimulator.Build.0 = Debug|Any CPU
		{25974373-5C1E-4C92-B433-611767CC890C}.Ad-Hoc|iPhoneSimulator.Deploy.0 = Debug|Any CPU
		{25974373-5C1E-4C92-B433-611767CC890C}.AppStore|Any CPU.ActiveCfg = Debug|Any CPU
		{25974373-5C1E-4C92-B433-611767CC890C}.AppStore|Any CPU.Build.0 = Debug|Any CPU
		{25974373-5C1E-4C92-B433-611767CC890C}.AppStore|Any CPU.Deploy.0 = Debug|Any CPU
		{25974373-5C1E-4C92-B433-611767CC890C}.AppStore|iPhone.ActiveCfg = Debug|Any CPU
		{25974373-5C1E-4C92-B433-611767CC890C}.AppStore|iPhone.Build.0 = Debug|Any CPU
		{25974373-5C1E-4C92-B433-611767CC890C}.AppStore|iPhone.Deploy.0 = Debug|Any CPU
		{25974373-5C1E-4C92-B433-611767CC890C}.AppStore|iPhoneSimulator.ActiveCfg = Debug|Any CPU
		{25974373-5C1E-4C92-B433-611767CC890C}.AppStore|iPhoneSimulator.Build.0 = Debug|Any CPU
		{25974373-5C1E-4C92-B433-611767CC890C}.AppStore|iPhoneSimulator.Deploy.0 = Debug|Any CPU
		{25974373-5C1E-4C92-B433-611767CC890C}.Debug|Any CPU.ActiveCfg = Debug|Any CPU
		{25974373-5C1E-4C92-B433-611767CC890C}.Debug|Any CPU.Build.0 = Debug|Any CPU
		{25974373-5C1E-4C92-B433-611767CC890C}.Debug|Any CPU.Deploy.0 = Debug|Any CPU
		{25974373-5C1E-4C92-B433-611767CC890C}.Debug|iPhone.ActiveCfg = Debug|Any CPU
		{25974373-5C1E-4C92-B433-611767CC890C}.Debug|iPhone.Build.0 = Debug|Any CPU
		{25974373-5C1E-4C92-B433-611767CC890C}.Debug|iPhone.Deploy.0 = Debug|Any CPU
		{25974373-5C1E-4C92-B433-611767CC890C}.Debug|iPhoneSimulator.ActiveCfg = Debug|Any CPU
		{25974373-5C1E-4C92-B433-611767CC890C}.Debug|iPhoneSimulator.Build.0 = Debug|Any CPU
		{25974373-5C1E-4C92-B433-611767CC890C}.Debug|iPhoneSimulator.Deploy.0 = Debug|Any CPU
		{25974373-5C1E-4C92-B433-611767CC890C}.Release|Any CPU.ActiveCfg = Release|Any CPU
		{25974373-5C1E-4C92-B433-611767CC890C}.Release|Any CPU.Build.0 = Release|Any CPU
		{25974373-5C1E-4C92-B433-611767CC890C}.Release|Any CPU.Deploy.0 = Release|Any CPU
		{25974373-5C1E-4C92-B433-611767CC890C}.Release|iPhone.ActiveCfg = Release|Any CPU
		{25974373-5C1E-4C92-B433-611767CC890C}.Release|iPhone.Build.0 = Release|Any CPU
		{25974373-5C1E-4C92-B433-611767CC890C}.Release|iPhone.Deploy.0 = Release|Any CPU
		{25974373-5C1E-4C92-B433-611767CC890C}.Release|iPhoneSimulator.ActiveCfg = Release|Any CPU
		{25974373-5C1E-4C92-B433-611767CC890C}.Release|iPhoneSimulator.Build.0 = Release|Any CPU
		{25974373-5C1E-4C92-B433-611767CC890C}.Release|iPhoneSimulator.Deploy.0 = Release|Any CPU
	EndGlobalSection
	GlobalSection(SolutionProperties) = preSolution
		HideSolutionNode = FALSE
	EndGlobalSection
	GlobalSection(ExtensibilityGlobals) = postSolution
		SolutionGuid = {C51B440E-4EF1-420C-91A6-3DEDE3D5FE58}
	EndGlobalSection
EndGlobal
